
Microsoft Visual Studio Solution File, Format Version 12.00
# Visual Studio 15
Project("{FAE04EC0-301F-11D3-BF4B-00C04F79EFBC}") = "Assembly-CSharp-Editor", "Assembly-CSharp-Editor.csproj", "{2B1B9BA6-1AE6-18F3-AD82-EE8A8EC6EF87}"
EndProject
Project("{FAE04EC0-301F-11D3-BF4B-00C04F79EFBC}") = "Assembly-CSharp", "Assembly-CSharp.csproj", "{3C751E58-A54B-12E0-58E4-C154A36DFFE7}"
EndProject
Global
	GlobalSection(SolutionConfigurationPlatforms) = preSolution
		Debug|Any CPU = Debug|Any CPU
		Release|Any CPU = Release|Any CPU
	EndGlobalSection
	GlobalSection(ProjectConfigurationPlatforms) = postSolution
		{2B1B9BA6-1AE6-18F3-AD82-EE8A8EC6EF87}.Debug|Any CPU.ActiveCfg = Debug|Any CPU
		{2B1B9BA6-1AE6-18F3-AD82-EE8A8EC6EF87}.Debug|Any CPU.Build.0 = Debug|Any CPU
		{2B1B9BA6-1AE6-18F3-AD82-EE8A8EC6EF87}.Release|Any CPU.ActiveCfg = Release|Any CPU
		{2B1B9BA6-1AE6-18F3-AD82-EE8A8EC6EF87}.Release|Any CPU.Build.0 = Release|Any CPU
		{3C751E58-A54B-12E0-58E4-C154A36DFFE7}.Debug|Any CPU.ActiveCfg = Debug|Any CPU
		{3C751E58-A54B-12E0-58E4-C154A36DFFE7}.Debug|Any CPU.Build.0 = Debug|Any CPU
		{3C751E58-A54B-12E0-58E4-C154A36DFFE7}.Release|Any CPU.ActiveCfg = Release|Any CPU
		{3C751E58-A54B-12E0-58E4-C154A36DFFE7}.Release|Any CPU.Build.0 = Release|Any CPU
	EndGlobalSection
	GlobalSection(SolutionProperties) = preSolution
		HideSolutionNode = FALSE
	EndGlobalSection
EndGlobal
